
Microsoft Visual Studio Solution File, Format Version 12.00
# Visual Studio Version 17
VisualStudioVersion = 17.9.34714.143
MinimumVisualStudioVersion = 10.0.40219.1
Project("{9A19103F-16F7-4668-BE54-9A1E7A4F7556}") = "API", "API\API.csproj", "{E2E7708D-2A54-4CEB-A306-A354967C2E0B}"
EndProject
Project("{9A19103F-16F7-4668-BE54-9A1E7A4F7556}") = "DataLibrary", "DataLibrary\DataLibrary.csproj", "{0C61AA53-27D2-48E6-884E-CD2FD2E6104C}"
EndProject
Project("{2150E333-8FDC-42A3-9474-1A3956D46DE8}") = "Solution Items", "Solution Items", "{6CC53DD2-1214-4DB2-A92E-D5785E126A4D}"
	ProjectSection(SolutionItems) = preProject
		README.md = README.md
		database_script.sql = database_script.sql
		plan_request.json = plan_request.json
		.github\workflows\dotnet.yml = .github\workflows\dotnet.yml
		.github\scripts\parse_test_results.py = .github\scripts\parse_test_results.py
		insertion_script.sql = insertion_script.sql
		trainingSessionBulkRequest.json = trainingSessionBulkRequest.json
		Docs\Plans\bulk\plan_request.json = Docs\Plans\bulk\plan_request.json
		Docs\Plans\single\excel.json = Docs\Plans\single\excel.json
		Docs\Plans\single\savage.json = Docs\Plans\single\savage.json
		Docs\Plans\single\v3-advanced.json = Docs\Plans\single\v3-advanced.json
		Docs\Plans\single\v3-beginner.json = Docs\Plans\single\v3-beginner.json
		Docs\Plans\single\v3-intermediate.json = Docs\Plans\single\v3-intermediate.json
		Docs\Requests\V1\Exercise\Bulk.http = Docs\Requests\V1\Exercise\Bulk.http
		Docs\Requests\V1\Exercise\create_one.http = Docs\Requests\V1\Exercise\create_one.http
		Docs\Requests\V1\Exercise\Exercises_Bulk.http = Docs\Requests\V1\Exercise\Exercises_Bulk.http
		Docs\Requests\V1\Muscles\all.http = Docs\Requests\V1\Muscles\all.http
		Docs\Requests\V1\Plans\Excel.http = Docs\Requests\V1\Plans\Excel.http
		Docs\Requests\V1\Plans\Savage.http = Docs\Requests\V1\Plans\Savage.http
		Docs\Requests\V1\Plans\V3-Advanced.http = Docs\Requests\V1\Plans\V3-Advanced.http
		Docs\Requests\V1\Plans\V3-Beginner.http = Docs\Requests\V1\Plans\V3-Beginner.http
		Docs\Requests\V1\Plans\V3-Intermediate.http = Docs\Requests\V1\Plans\V3-Intermediate.http
		Docs\Requests\V1\Sessions\22-6-2024_to_8-11-2024.http = Docs\Requests\V1\Sessions\22-6-2024_to_8-11-2024.http
		Docs\Requests\V1\TrainingTypes\Create_bulk.http = Docs\Requests\V1\TrainingTypes\Create_bulk.http
		Docs\Sql\exercise.sql = Docs\Sql\exercise.sql
		Docs\Sql\exercise_how_to.sql = Docs\Sql\exercise_how_to.sql
		Docs\Sql\exercise_muscle.sql = Docs\Sql\exercise_muscle.sql
		Docs\Sql\exercise_type.sql = Docs\Sql\exercise_type.sql
		Docs\Sql\muscle.sql = Docs\Sql\muscle.sql
		Docs\Sql\training_type.sql = Docs\Sql\training_type.sql
	EndProjectSection
EndProject
Project("{FAE04EC0-301F-11D3-BF4B-00C04F79EFBC}") = "DateLibraryTests", "DateLibraryTests\DateLibraryTests.csproj", "{DE8243D4-DE5B-4D72-ABA6-C1868B42F164}"
EndProject
Project("{FAE04EC0-301F-11D3-BF4B-00C04F79EFBC}") = "ApiTests", "ApiTests\ApiTests.csproj", "{C9584CC9-D3DA-4A1E-8759-9F16D406F1B5}"
EndProject
Project("{FAE04EC0-301F-11D3-BF4B-00C04F79EFBC}") = "SharedLibrary", "SharedLibrary\SharedLibrary.csproj", "{9D3D28CB-93FB-46A5-8129-8A8449B92D28}"
EndProject
Global
	GlobalSection(SolutionConfigurationPlatforms) = preSolution
		Debug|Any CPU = Debug|Any CPU
		Release|Any CPU = Release|Any CPU
	EndGlobalSection
	GlobalSection(ProjectConfigurationPlatforms) = postSolution
		{E2E7708D-2A54-4CEB-A306-A354967C2E0B}.Debug|Any CPU.ActiveCfg = Debug|Any CPU
		{E2E7708D-2A54-4CEB-A306-A354967C2E0B}.Debug|Any CPU.Build.0 = Debug|Any CPU
		{E2E7708D-2A54-4CEB-A306-A354967C2E0B}.Release|Any CPU.ActiveCfg = Release|Any CPU
		{E2E7708D-2A54-4CEB-A306-A354967C2E0B}.Release|Any CPU.Build.0 = Release|Any CPU
		{0C61AA53-27D2-48E6-884E-CD2FD2E6104C}.Debug|Any CPU.ActiveCfg = Debug|Any CPU
		{0C61AA53-27D2-48E6-884E-CD2FD2E6104C}.Debug|Any CPU.Build.0 = Debug|Any CPU
		{0C61AA53-27D2-48E6-884E-CD2FD2E6104C}.Release|Any CPU.ActiveCfg = Release|Any CPU
		{0C61AA53-27D2-48E6-884E-CD2FD2E6104C}.Release|Any CPU.Build.0 = Release|Any CPU
		{DE8243D4-DE5B-4D72-ABA6-C1868B42F164}.Debug|Any CPU.ActiveCfg = Debug|Any CPU
		{DE8243D4-DE5B-4D72-ABA6-C1868B42F164}.Debug|Any CPU.Build.0 = Debug|Any CPU
		{DE8243D4-DE5B-4D72-ABA6-C1868B42F164}.Release|Any CPU.ActiveCfg = Release|Any CPU
		{DE8243D4-DE5B-4D72-ABA6-C1868B42F164}.Release|Any CPU.Build.0 = Release|Any CPU
		{C9584CC9-D3DA-4A1E-8759-9F16D406F1B5}.Debug|Any CPU.ActiveCfg = Debug|Any CPU
		{C9584CC9-D3DA-4A1E-8759-9F16D406F1B5}.Debug|Any CPU.Build.0 = Debug|Any CPU
		{C9584CC9-D3DA-4A1E-8759-9F16D406F1B5}.Release|Any CPU.ActiveCfg = Release|Any CPU
		{C9584CC9-D3DA-4A1E-8759-9F16D406F1B5}.Release|Any CPU.Build.0 = Release|Any CPU
		{9D3D28CB-93FB-46A5-8129-8A8449B92D28}.Debug|Any CPU.ActiveCfg = Debug|Any CPU
		{9D3D28CB-93FB-46A5-8129-8A8449B92D28}.Debug|Any CPU.Build.0 = Debug|Any CPU
		{9D3D28CB-93FB-46A5-8129-8A8449B92D28}.Release|Any CPU.ActiveCfg = Release|Any CPU
		{9D3D28CB-93FB-46A5-8129-8A8449B92D28}.Release|Any CPU.Build.0 = Release|Any CPU
	EndGlobalSection
	GlobalSection(SolutionProperties) = preSolution
		HideSolutionNode = FALSE
	EndGlobalSection
	GlobalSection(ExtensibilityGlobals) = postSolution
		SolutionGuid = {B54D4375-4340-404D-983C-638BD27E99A3}
	EndGlobalSection
EndGlobal
